// !$*UTF8*$!
{
	archiveVersion = 1;
	classes = {
	};
	objectVersion = 46;
	objects = {

/* Begin PBXBuildFile section */
		6554B14716DAE5E80010BB83 /* Recipe.m in Sources */ = {isa = PBXBuildFile; fileRef = 6554B14616DAE5E80010BB83 /* Recipe.m */; };
		6554B15B16DAE7670010BB83 /* angry_birds_cake.jpg in Resources */ = {isa = PBXBuildFile; fileRef = 6554B14916DAE7670010BB83 /* angry_birds_cake.jpg */; };
		6554B15C16DAE7670010BB83 /* creme_brelee.jpg in Resources */ = {isa = PBXBuildFile; fileRef = 6554B14A16DAE7670010BB83 /* creme_brelee.jpg */; };
		6554B15D16DAE7670010BB83 /* egg_benedict.jpg in Resources */ = {isa = PBXBuildFile; fileRef = 6554B14B16DAE7670010BB83 /* egg_benedict.jpg */; };
		6554B15E16DAE7670010BB83 /* full_breakfast.jpg in Resources */ = {isa = PBXBuildFile; fileRef = 6554B14C16DAE7670010BB83 /* full_breakfast.jpg */; };
		6554B15F16DAE7670010BB83 /* green_tea.jpg in Resources */ = {isa = PBXBuildFile; fileRef = 6554B14D16DAE7670010BB83 /* green_tea.jpg */; };
		6554B16016DAE7670010BB83 /* ham_and_cheese_panini.jpg in Resources */ = {isa = PBXBuildFile; fileRef = 6554B14E16DAE7670010BB83 /* ham_and_cheese_panini.jpg */; };
		6554B16116DAE7670010BB83 /* ham_and_egg_sandwich.jpg in Resources */ = {isa = PBXBuildFile; fileRef = 6554B14F16DAE7670010BB83 /* ham_and_egg_sandwich.jpg */; };
		6554B16216DAE7670010BB83 /* hamburger.jpg in Resources */ = {isa = PBXBuildFile; fileRef = 6554B15016DAE7670010BB83 /* hamburger.jpg */; };
		6554B16316DAE7670010BB83 /* instant_noodle_with_egg.jpg in Resources */ = {isa = PBXBuildFile; fileRef = 6554B15116DAE7670010BB83 /* instant_noodle_with_egg.jpg */; };
		6554B16416DAE7670010BB83 /* japanese_noodle_with_pork.jpg in Resources */ = {isa = PBXBuildFile; fileRef = 6554B15216DAE7670010BB83 /* japanese_noodle_with_pork.jpg */; };
		6554B16516DAE7670010BB83 /* mushroom_risotto.jpg in Resources */ = {isa = PBXBuildFile; fileRef = 6554B15316DAE7670010BB83 /* mushroom_risotto.jpg */; };
		6554B16616DAE7670010BB83 /* noodle_with_bbq_pork.jpg in Resources */ = {isa = PBXBuildFile; fileRef = 6554B15416DAE7670010BB83 /* noodle_with_bbq_pork.jpg */; };
		6554B16716DAE7670010BB83 /* photo-frame.png in Resources */ = {isa = PBXBuildFile; fileRef = 6554B15516DAE7670010BB83 /* photo-frame.png */; };
		6554B16816DAE7670010BB83 /* photo-frame@2x.png in Resources */ = {isa = PBXBuildFile; fileRef = 6554B15616DAE7670010BB83 /* photo-frame@2x.png */; };
		6554B16916DAE7670010BB83 /* starbucks_coffee.jpg in Resources */ = {isa = PBXBuildFile; fileRef = 6554B15716DAE7670010BB83 /* starbucks_coffee.jpg */; };
		6554B16A16DAE7670010BB83 /* thai_shrimp_cake.jpg in Resources */ = {isa = PBXBuildFile; fileRef = 6554B15816DAE7670010BB83 /* thai_shrimp_cake.jpg */; };
		6554B16B16DAE7670010BB83 /* vegetable_curry.jpg in Resources */ = {isa = PBXBuildFile; fileRef = 6554B15916DAE7670010BB83 /* vegetable_curry.jpg */; };
		6554B16C16DAE7670010BB83 /* white_chocolate_donut.jpg in Resources */ = {isa = PBXBuildFile; fileRef = 6554B15A16DAE7670010BB83 /* white_chocolate_donut.jpg */; };
		F419149E158D558600E54887 /* RecipeDetailViewController.m in Sources */ = {isa = PBXBuildFile; fileRef = F419149D158D558600E54887 /* RecipeDetailViewController.m */; };
		F4379A48159741E700CAD93E /* AboutViewController.m in Sources */ = {isa = PBXBuildFile; fileRef = F4379A47159741E600CAD93E /* AboutViewController.m */; };
		F4379A4C1597775500CAD93E /* about.jpg in Resources */ = {isa = PBXBuildFile; fileRef = F4379A4A1597775500CAD93E /* about.jpg */; };
		F4379A4D1597775500CAD93E /* about.html in Resources */ = {isa = PBXBuildFile; fileRef = F4379A4B1597775500CAD93E /* about.html */; };
		F4AA6C2C1589A2DF0093D97E /* UIKit.framework in Frameworks */ = {isa = PBXBuildFile; fileRef = F4AA6C2B1589A2DF0093D97E /* UIKit.framework */; };
		F4AA6C2E1589A2DF0093D97E /* Foundation.framework in Frameworks */ = {isa = PBXBuildFile; fileRef = F4AA6C2D1589A2DF0093D97E /* Foundation.framework */; };
		F4AA6C301589A2DF0093D97E /* CoreGraphics.framework in Frameworks */ = {isa = PBXBuildFile; fileRef = F4AA6C2F1589A2DF0093D97E /* CoreGraphics.framework */; };
		F4AA6C361589A2DF0093D97E /* InfoPlist.strings in Resources */ = {isa = PBXBuildFile; fileRef = F4AA6C341589A2DF0093D97E /* InfoPlist.strings */; };
		F4AA6C381589A2DF0093D97E /* main.m in Sources */ = {isa = PBXBuildFile; fileRef = F4AA6C371589A2DF0093D97E /* main.m */; };
		F4AA6C3C1589A2DF0093D97E /* RecipeBookAppDelegate.m in Sources */ = {isa = PBXBuildFile; fileRef = F4AA6C3B1589A2DF0093D97E /* RecipeBookAppDelegate.m */; };
		F4AA6C3F1589A2DF0093D97E /* MainStoryboard.storyboard in Resources */ = {isa = PBXBuildFile; fileRef = F4AA6C3D1589A2DF0093D97E /* MainStoryboard.storyboard */; };
		F4AA6C421589A2DF0093D97E /* RecipeBookViewController.m in Sources */ = {isa = PBXBuildFile; fileRef = F4AA6C411589A2DF0093D97E /* RecipeBookViewController.m */; };
/* End PBXBuildFile section */

/* Begin PBXFileReference section */
		6554B14516DAE5E80010BB83 /* Recipe.h */ = {isa = PBXFileReference; fileEncoding = 4; lastKnownFileType = sourcecode.c.h; path = Recipe.h; sourceTree = "<group>"; };
		6554B14616DAE5E80010BB83 /* Recipe.m */ = {isa = PBXFileReference; fileEncoding = 4; lastKnownFileType = sourcecode.c.objc; path = Recipe.m; sourceTree = "<group>"; };
		6554B14916DAE7670010BB83 /* angry_birds_cake.jpg */ = {isa = PBXFileReference; lastKnownFileType = image.jpeg; path = angry_birds_cake.jpg; sourceTree = "<group>"; };
		6554B14A16DAE7670010BB83 /* creme_brelee.jpg */ = {isa = PBXFileReference; lastKnownFileType = image.jpeg; path = creme_brelee.jpg; sourceTree = "<group>"; };
		6554B14B16DAE7670010BB83 /* egg_benedict.jpg */ = {isa = PBXFileReference; lastKnownFileType = image.jpeg; path = egg_benedict.jpg; sourceTree = "<group>"; };
		6554B14C16DAE7670010BB83 /* full_breakfast.jpg */ = {isa = PBXFileReference; lastKnownFileType = image.jpeg; path = full_breakfast.jpg; sourceTree = "<group>"; };
		6554B14D16DAE7670010BB83 /* green_tea.jpg */ = {isa = PBXFileReference; lastKnownFileType = image.jpeg; path = green_tea.jpg; sourceTree = "<group>"; };
		6554B14E16DAE7670010BB83 /* ham_and_cheese_panini.jpg */ = {isa = PBXFileReference; lastKnownFileType = image.jpeg; path = ham_and_cheese_panini.jpg; sourceTree = "<group>"; };
		6554B14F16DAE7670010BB83 /* ham_and_egg_sandwich.jpg */ = {isa = PBXFileReference; lastKnownFileType = image.jpeg; path = ham_and_egg_sandwich.jpg; sourceTree = "<group>"; };
		6554B15016DAE7670010BB83 /* hamburger.jpg */ = {isa = PBXFileReference; lastKnownFileType = image.jpeg; path = hamburger.jpg; sourceTree = "<group>"; };
		6554B15116DAE7670010BB83 /* instant_noodle_with_egg.jpg */ = {isa = PBXFileReference; lastKnownFileType = image.jpeg; path = instant_noodle_with_egg.jpg; sourceTree = "<group>"; };
		6554B15216DAE7670010BB83 /* japanese_noodle_with_pork.jpg */ = {isa = PBXFileReference; lastKnownFileType = image.jpeg; path = japanese_noodle_with_pork.jpg; sourceTree = "<group>"; };
		6554B15316DAE7670010BB83 /* mushroom_risotto.jpg */ = {isa = PBXFileReference; lastKnownFileType = image.jpeg; path = mushroom_risotto.jpg; sourceTree = "<group>"; };
		6554B15416DAE7670010BB83 /* noodle_with_bbq_pork.jpg */ = {isa = PBXFileReference; lastKnownFileType = image.jpeg; path = noodle_with_bbq_pork.jpg; sourceTree = "<group>"; };
		6554B15516DAE7670010BB83 /* photo-frame.png */ = {isa = PBXFileReference; lastKnownFileType = image.png; path = "photo-frame.png"; sourceTree = "<group>"; };
		6554B15616DAE7670010BB83 /* photo-frame@2x.png */ = {isa = PBXFileReference; lastKnownFileType = image.png; path = "photo-frame@2x.png"; sourceTree = "<group>"; };
		6554B15716DAE7670010BB83 /* starbucks_coffee.jpg */ = {isa = PBXFileReference; lastKnownFileType = image.jpeg; path = starbucks_coffee.jpg; sourceTree = "<group>"; };
		6554B15816DAE7670010BB83 /* thai_shrimp_cake.jpg */ = {isa = PBXFileReference; lastKnownFileType = image.jpeg; path = thai_shrimp_cake.jpg; sourceTree = "<group>"; };
		6554B15916DAE7670010BB83 /* vegetable_curry.jpg */ = {isa = PBXFileReference; lastKnownFileType = image.jpeg; path = vegetable_curry.jpg; sourceTree = "<group>"; };
		6554B15A16DAE7670010BB83 /* white_chocolate_donut.jpg */ = {isa = PBXFileReference; lastKnownFileType = image.jpeg; path = white_chocolate_donut.jpg; sourceTree = "<group>"; };
		F419149C158D558600E54887 /* RecipeDetailViewController.h */ = {isa = PBXFileReference; fileEncoding = 4; lastKnownFileType = sourcecode.c.h; path = RecipeDetailViewController.h; sourceTree = "<group>"; };
		F419149D158D558600E54887 /* RecipeDetailViewController.m */ = {isa = PBXFileReference; fileEncoding = 4; lastKnownFileType = sourcecode.c.objc; path = RecipeDetailViewController.m; sourceTree = "<group>"; };
		F4379A46159741E600CAD93E /* AboutViewController.h */ = {isa = PBXFileReference; fileEncoding = 4; lastKnownFileType = sourcecode.c.h; path = AboutViewController.h; sourceTree = "<group>"; };
		F4379A47159741E600CAD93E /* AboutViewController.m */ = {isa = PBXFileReference; fileEncoding = 4; lastKnownFileType = sourcecode.c.objc; path = AboutViewController.m; sourceTree = "<group>"; };
		F4379A4A1597775500CAD93E /* about.jpg */ = {isa = PBXFileReference; lastKnownFileType = image.jpeg; path = about.jpg; sourceTree = "<group>"; };
		F4379A4B1597775500CAD93E /* about.html */ = {isa = PBXFileReference; fileEncoding = 4; lastKnownFileType = text.html; path = about.html; sourceTree = "<group>"; };
		F4AA6C271589A2DF0093D97E /* RecipeBook.app */ = {isa = PBXFileReference; explicitFileType = wrapper.application; includeInIndex = 0; path = RecipeBook.app; sourceTree = BUILT_PRODUCTS_DIR; };
		F4AA6C2B1589A2DF0093D97E /* UIKit.framework */ = {isa = PBXFileReference; lastKnownFileType = wrapper.framework; name = UIKit.framework; path = System/Library/Frameworks/UIKit.framework; sourceTree = SDKROOT; };
		F4AA6C2D1589A2DF0093D97E /* Foundation.framework */ = {isa = PBXFileReference; lastKnownFileType = wrapper.framework; name = Foundation.framework; path = System/Library/Frameworks/Foundation.framework; sourceTree = SDKROOT; };
		F4AA6C2F1589A2DF0093D97E /* CoreGraphics.framework */ = {isa = PBXFileReference; lastKnownFileType = wrapper.framework; name = CoreGraphics.framework; path = System/Library/Frameworks/CoreGraphics.framework; sourceTree = SDKROOT; };
		F4AA6C331589A2DF0093D97E /* RecipeBook-Info.plist */ = {isa = PBXFileReference; lastKnownFileType = text.plist.xml; path = "RecipeBook-Info.plist"; sourceTree = "<group>"; };
		F4AA6C351589A2DF0093D97E /* en */ = {isa = PBXFileReference; lastKnownFileType = text.plist.strings; name = en; path = en.lproj/InfoPlist.strings; sourceTree = "<group>"; };
		F4AA6C371589A2DF0093D97E /* main.m */ = {isa = PBXFileReference; lastKnownFileType = sourcecode.c.objc; path = main.m; sourceTree = "<group>"; };
		F4AA6C391589A2DF0093D97E /* RecipeBook-Prefix.pch */ = {isa = PBXFileReference; lastKnownFileType = sourcecode.c.h; path = "RecipeBook-Prefix.pch"; sourceTree = "<group>"; };
		F4AA6C3A1589A2DF0093D97E /* RecipeBookAppDelegate.h */ = {isa = PBXFileReference; lastKnownFileType = sourcecode.c.h; path = RecipeBookAppDelegate.h; sourceTree = "<group>"; };
		F4AA6C3B1589A2DF0093D97E /* RecipeBookAppDelegate.m */ = {isa = PBXFileReference; lastKnownFileType = sourcecode.c.objc; path = RecipeBookAppDelegate.m; sourceTree = "<group>"; };
		F4AA6C3E1589A2DF0093D97E /* en */ = {isa = PBXFileReference; lastKnownFileType = file.storyboard; name = en; path = en.lproj/MainStoryboard.storyboard; sourceTree = "<group>"; };
		F4AA6C401589A2DF0093D97E /* RecipeBookViewController.h */ = {isa = PBXFileReference; lastKnownFileType = sourcecode.c.h; path = RecipeBookViewController.h; sourceTree = "<group>"; };
		F4AA6C411589A2DF0093D97E /* RecipeBookViewController.m */ = {isa = PBXFileReference; lastKnownFileType = sourcecode.c.objc; path = RecipeBookViewController.m; sourceTree = "<group>"; };
/* End PBXFileReference section */

/* Begin PBXFrameworksBuildPhase section */
		F4AA6C241589A2DF0093D97E /* Frameworks */ = {
			isa = PBXFrameworksBuildPhase;
			buildActionMask = 2147483647;
			files = (
				F4AA6C2C1589A2DF0093D97E /* UIKit.framework in Frameworks */,
				F4AA6C2E1589A2DF0093D97E /* Foundation.framework in Frameworks */,
				F4AA6C301589A2DF0093D97E /* CoreGraphics.framework in Frameworks */,
			);
			runOnlyForDeploymentPostprocessing = 0;
		};
/* End PBXFrameworksBuildPhase section */

/* Begin PBXGroup section */
		F4AA6C1C1589A2DF0093D97E = {
			isa = PBXGroup;
			children = (
				F4AA6C311589A2DF0093D97E /* RecipeBook */,
				F4AA6C2A1589A2DF0093D97E /* Frameworks */,
				F4AA6C281589A2DF0093D97E /* Products */,
			);
			sourceTree = "<group>";
		};
		F4AA6C281589A2DF0093D97E /* Products */ = {
			isa = PBXGroup;
			children = (
				F4AA6C271589A2DF0093D97E /* RecipeBook.app */,
			);
			name = Products;
			sourceTree = "<group>";
		};
		F4AA6C2A1589A2DF0093D97E /* Frameworks */ = {
			isa = PBXGroup;
			children = (
				F4AA6C2B1589A2DF0093D97E /* UIKit.framework */,
				F4AA6C2D1589A2DF0093D97E /* Foundation.framework */,
				F4AA6C2F1589A2DF0093D97E /* CoreGraphics.framework */,
			);
			name = Frameworks;
			sourceTree = "<group>";
		};
		F4AA6C311589A2DF0093D97E /* RecipeBook */ = {
			isa = PBXGroup;
			children = (
				F4AA6C3A1589A2DF0093D97E /* RecipeBookAppDelegate.h */,
				F4AA6C3B1589A2DF0093D97E /* RecipeBookAppDelegate.m */,
				F4AA6C3D1589A2DF0093D97E /* MainStoryboard.storyboard */,
				F4AA6C401589A2DF0093D97E /* RecipeBookViewController.h */,
				F4AA6C411589A2DF0093D97E /* RecipeBookViewController.m */,
				6554B14516DAE5E80010BB83 /* Recipe.h */,
				6554B14616DAE5E80010BB83 /* Recipe.m */,
				F419149C158D558600E54887 /* RecipeDetailViewController.h */,
				F419149D158D558600E54887 /* RecipeDetailViewController.m */,
				F4379A46159741E600CAD93E /* AboutViewController.h */,
				F4379A47159741E600CAD93E /* AboutViewController.m */,
				F4379A4A1597775500CAD93E /* about.jpg */,
				F4379A4B1597775500CAD93E /* about.html */,
				F4AA6C321589A2DF0093D97E /* Supporting Files */,
			);
			path = RecipeBook;
			sourceTree = "<group>";
		};
		F4AA6C321589A2DF0093D97E /* Supporting Files */ = {
			isa = PBXGroup;
			children = (
				6554B14916DAE7670010BB83 /* angry_birds_cake.jpg */,
				6554B14A16DAE7670010BB83 /* creme_brelee.jpg */,
				6554B14B16DAE7670010BB83 /* egg_benedict.jpg */,
				6554B14C16DAE7670010BB83 /* full_breakfast.jpg */,
				6554B14D16DAE7670010BB83 /* green_tea.jpg */,
				6554B14E16DAE7670010BB83 /* ham_and_cheese_panini.jpg */,
				6554B14F16DAE7670010BB83 /* ham_and_egg_sandwich.jpg */,
				6554B15016DAE7670010BB83 /* hamburger.jpg */,
				6554B15116DAE7670010BB83 /* instant_noodle_with_egg.jpg */,
				6554B15216DAE7670010BB83 /* japanese_noodle_with_pork.jpg */,
				6554B15316DAE7670010BB83 /* mushroom_risotto.jpg */,
				6554B15416DAE7670010BB83 /* noodle_with_bbq_pork.jpg */,
				6554B15516DAE7670010BB83 /* photo-frame.png */,
				6554B15616DAE7670010BB83 /* photo-frame@2x.png */,
				6554B15716DAE7670010BB83 /* starbucks_coffee.jpg */,
				6554B15816DAE7670010BB83 /* thai_shrimp_cake.jpg */,
				6554B15916DAE7670010BB83 /* vegetable_curry.jpg */,
				6554B15A16DAE7670010BB83 /* white_chocolate_donut.jpg */,
				F4AA6C331589A2DF0093D97E /* RecipeBook-Info.plist */,
				F4AA6C341589A2DF0093D97E /* InfoPlist.strings */,
				F4AA6C371589A2DF0093D97E /* main.m */,
				F4AA6C391589A2DF0093D97E /* RecipeBook-Prefix.pch */,
			);
			name = "Supporting Files";
			sourceTree = "<group>";
		};
/* End PBXGroup section */

/* Begin PBXNativeTarget section */
		F4AA6C261589A2DF0093D97E /* RecipeBook */ = {
			isa = PBXNativeTarget;
			buildConfigurationList = F4AA6C451589A2DF0093D97E /* Build configuration list for PBXNativeTarget "RecipeBook" */;
			buildPhases = (
				F4AA6C231589A2DF0093D97E /* Sources */,
				F4AA6C241589A2DF0093D97E /* Frameworks */,
				F4AA6C251589A2DF0093D97E /* Resources */,
			);
			buildRules = (
			);
			dependencies = (
			);
			name = RecipeBook;
			productName = RecipeBook;
			productReference = F4AA6C271589A2DF0093D97E /* RecipeBook.app */;
			productType = "com.apple.product-type.application";
		};
/* End PBXNativeTarget section */

/* Begin PBXProject section */
		F4AA6C1E1589A2DF0093D97E /* Project object */ = {
			isa = PBXProject;
			attributes = {
				CLASSPREFIX = RecipeBook;
				LastUpgradeCheck = 0430;
			};
			buildConfigurationList = F4AA6C211589A2DF0093D97E /* Build configuration list for PBXProject "RecipeBook" */;
			compatibilityVersion = "Xcode 3.2";
			developmentRegion = English;
			hasScannedForEncodings = 0;
			knownRegions = (
				en,
			);
			mainGroup = F4AA6C1C1589A2DF0093D97E;
			productRefGroup = F4AA6C281589A2DF0093D97E /* Products */;
			projectDirPath = "";
			projectRoot = "";
			targets = (
				F4AA6C261589A2DF0093D97E /* RecipeBook */,
			);
		};
/* End PBXProject section */

/* Begin PBXResourcesBuildPhase section */
		F4AA6C251589A2DF0093D97E /* Resources */ = {
			isa = PBXResourcesBuildPhase;
			buildActionMask = 2147483647;
			files = (
				F4AA6C361589A2DF0093D97E /* InfoPlist.strings in Resources */,
				F4AA6C3F1589A2DF0093D97E /* MainStoryboard.storyboard in Resources */,
				F4379A4C1597775500CAD93E /* about.jpg in Resources */,
				F4379A4D1597775500CAD93E /* about.html in Resources */,
				6554B15B16DAE7670010BB83 /* angry_birds_cake.jpg in Resources */,
				6554B15C16DAE7670010BB83 /* creme_brelee.jpg in Resources */,
				6554B15D16DAE7670010BB83 /* egg_benedict.jpg in Resources */,
				6554B15E16DAE7670010BB83 /* full_breakfast.jpg in Resources */,
				6554B15F16DAE7670010BB83 /* green_tea.jpg in Resources */,
				6554B16016DAE7670010BB83 /* ham_and_cheese_panini.jpg in Resources */,
				6554B16116DAE7670010BB83 /* ham_and_egg_sandwich.jpg in Resources */,
				6554B16216DAE7670010BB83 /* hamburger.jpg in Resources */,
				6554B16316DAE7670010BB83 /* instant_noodle_with_egg.jpg in Resources */,
				6554B16416DAE7670010BB83 /* japanese_noodle_with_pork.jpg in Resources */,
				6554B16516DAE7670010BB83 /* mushroom_risotto.jpg in Resources */,
				6554B16616DAE7670010BB83 /* noodle_with_bbq_pork.jpg in Resources */,
				6554B16716DAE7670010BB83 /* photo-frame.png in Resources */,
				6554B16816DAE7670010BB83 /* photo-frame@2x.png in Resources */,
				6554B16916DAE7670010BB83 /* starbucks_coffee.jpg in Resources */,
				6554B16A16DAE7670010BB83 /* thai_shrimp_cake.jpg in Resources */,
				6554B16B16DAE7670010BB83 /* vegetable_curry.jpg in Resources */,
				6554B16C16DAE7670010BB83 /* white_chocolate_donut.jpg in Resources */,
			);
			runOnlyForDeploymentPostprocessing = 0;
		};
/* End PBXResourcesBuildPhase section */

/* Begin PBXSourcesBuildPhase section */
		F4AA6C231589A2DF0093D97E /* Sources */ = {
			isa = PBXSourcesBuildPhase;
			buildActionMask = 2147483647;
			files = (
				F4AA6C381589A2DF0093D97E /* main.m in Sources */,
				F4AA6C3C1589A2DF0093D97E /* RecipeBookAppDelegate.m in Sources */,
				F4AA6C421589A2DF0093D97E /* RecipeBookViewController.m in Sources */,
				F419149E158D558600E54887 /* RecipeDetailViewController.m in Sources */,
				F4379A48159741E700CAD93E /* AboutViewController.m in Sources */,
				6554B14716DAE5E80010BB83 /* Recipe.m in Sources */,
			);
			runOnlyForDeploymentPostprocessing = 0;
		};
/* End PBXSourcesBuildPhase section */

/* Begin PBXVariantGroup section */
		F4AA6C341589A2DF0093D97E /* InfoPlist.strings */ = {
			isa = PBXVariantGroup;
			children = (
				F4AA6C351589A2DF0093D97E /* en */,
			);
			name = InfoPlist.strings;
			sourceTree = "<group>";
		};
		F4AA6C3D1589A2DF0093D97E /* MainStoryboard.storyboard */ = {
			isa = PBXVariantGroup;
			children = (
				F4AA6C3E1589A2DF0093D97E /* en */,
			);
			name = MainStoryboard.storyboard;
			sourceTree = "<group>";
		};
/* End PBXVariantGroup section */

/* Begin XCBuildConfiguration section */
		F4AA6C431589A2DF0093D97E /* Debug */ = {
			isa = XCBuildConfiguration;
			buildSettings = {
				ALWAYS_SEARCH_USER_PATHS = NO;
				ARCHS = "$(ARCHS_STANDARD_32_BIT)";
				CLANG_ENABLE_OBJC_ARC = YES;
				"CODE_SIGN_IDENTITY[sdk=iphoneos*]" = "iPhone Developer";
				COPY_PHASE_STRIP = NO;
				GCC_C_LANGUAGE_STANDARD = gnu99;
				GCC_DYNAMIC_NO_PIC = NO;
				GCC_OPTIMIZATION_LEVEL = 0;
				GCC_PREPROCESSOR_DEFINITIONS = (
					"DEBUG=1",
					"$(inherited)",
				);
				GCC_SYMBOLS_PRIVATE_EXTERN = NO;
				GCC_VERSION = com.apple.compilers.llvm.clang.1_0;
				GCC_WARN_ABOUT_RETURN_TYPE = YES;
				GCC_WARN_UNINITIALIZED_AUTOS = YES;
				GCC_WARN_UNUSED_VARIABLE = YES;
				IPHONEOS_DEPLOYMENT_TARGET = 5.1;
				SDKROOT = iphoneos;
			};
			name = Debug;
		};
		F4AA6C441589A2DF0093D97E /* Release */ = {
			isa = XCBuildConfiguration;
			buildSettings = {
				ALWAYS_SEARCH_USER_PATHS = NO;
				ARCHS = "$(ARCHS_STANDARD_32_BIT)";
				CLANG_ENABLE_OBJC_ARC = YES;
				"CODE_SIGN_IDENTITY[sdk=iphoneos*]" = "iPhone Developer";
				COPY_PHASE_STRIP = YES;
				GCC_C_LANGUAGE_STANDARD = gnu99;
				GCC_VERSION = com.apple.compilers.llvm.clang.1_0;
				GCC_WARN_ABOUT_RETURN_TYPE = YES;
				GCC_WARN_UNINITIALIZED_AUTOS = YES;
				GCC_WARN_UNUSED_VARIABLE = YES;
				IPHONEOS_DEPLOYMENT_TARGET = 5.1;
				OTHER_CFLAGS = "-DNS_BLOCK_ASSERTIONS=1";
				SDKROOT = iphoneos;
				VALIDATE_PRODUCT = YES;
			};
			name = Release;
		};
		F4AA6C461589A2DF0093D97E /* Debug */ = {
			isa = XCBuildConfiguration;
			buildSettings = {
				GCC_PRECOMPILE_PREFIX_HEADER = YES;
				GCC_PREFIX_HEADER = "RecipeBook/RecipeBook-Prefix.pch";
				INFOPLIST_FILE = "RecipeBook/RecipeBook-Info.plist";
				PRODUCT_NAME = "$(TARGET_NAME)";
				WRAPPER_EXTENSION = app;
			};
			name = Debug;
		};
		F4AA6C471589A2DF0093D97E /* Release */ = {
			isa = XCBuildConfiguration;
			buildSettings = {
				GCC_PRECOMPILE_PREFIX_HEADER = YES;
				GCC_PREFIX_HEADER = "RecipeBook/RecipeBook-Prefix.pch";
				INFOPLIST_FILE = "RecipeBook/RecipeBook-Info.plist";
				PRODUCT_NAME = "$(TARGET_NAME)";
				WRAPPER_EXTENSION = app;
			};
			name = Release;
		};
/* End XCBuildConfiguration section */

/* Begin XCConfigurationList section */
		F4AA6C211589A2DF0093D97E /* Build configuration list for PBXProject "RecipeBook" */ = {
			isa = XCConfigurationList;
			buildConfigurations = (
				F4AA6C431589A2DF0093D97E /* Debug */,
				F4AA6C441589A2DF0093D97E /* Release */,
			);
			defaultConfigurationIsVisible = 0;
			defaultConfigurationName = Release;
		};
		F4AA6C451589A2DF0093D97E /* Build configuration list for PBXNativeTarget "RecipeBook" */ = {
			isa = XCConfigurationList;
			buildConfigurations = (
				F4AA6C461589A2DF0093D97E /* Debug */,
				F4AA6C471589A2DF0093D97E /* Release */,
			);
			defaultConfigurationIsVisible = 0;
			defaultConfigurationName = Release;
		};
/* End XCConfigurationList section */
	};
	rootObject = F4AA6C1E1589A2DF0093D97E /* Project object */;
}
